// !$*UTF8*$!
{
	archiveVersion = 1;
	classes = {
	};
	objectVersion = 46;
	objects = {

/* Begin PBXBuildFile section */
		8E6971D51C766F7E00994824 /* AppDelegate.swift in Sources */ = {isa = PBXBuildFile; fileRef = 8E6971D41C766F7E00994824 /* AppDelegate.swift */; };
		8E6971D71C766F7E00994824 /* ViewController.swift in Sources */ = {isa = PBXBuildFile; fileRef = 8E6971D61C766F7E00994824 /* ViewController.swift */; };
		8E6971DA1C766F7E00994824 /* Main.storyboard in Resources */ = {isa = PBXBuildFile; fileRef = 8E6971D81C766F7E00994824 /* Main.storyboard */; };
		8E6971DC1C766F7E00994824 /* Assets.xcassets in Resources */ = {isa = PBXBuildFile; fileRef = 8E6971DB1C766F7E00994824 /* Assets.xcassets */; };
		8E6971DF1C766F7E00994824 /* LaunchScreen.storyboard in Resources */ = {isa = PBXBuildFile; fileRef = 8E6971DD1C766F7E00994824 /* LaunchScreen.storyboard */; };
		8E6971E41C766F7E00994824 /* PizzapWatchKit WatchKit App.app in Embed Watch Content */ = {isa = PBXBuildFile; fileRef = 8E6971E31C766F7E00994824 /* PizzapWatchKit WatchKit App.app */; };
		8E6971EA1C766F7E00994824 /* Interface.storyboard in Resources */ = {isa = PBXBuildFile; fileRef = 8E6971E81C766F7E00994824 /* Interface.storyboard */; };
		8E6971EC1C766F7E00994824 /* Assets.xcassets in Resources */ = {isa = PBXBuildFile; fileRef = 8E6971EB1C766F7E00994824 /* Assets.xcassets */; };
		8E6971F31C766F7E00994824 /* PizzapWatchKit WatchKit Extension.appex in Embed App Extensions */ = {isa = PBXBuildFile; fileRef = 8E6971F21C766F7E00994824 /* PizzapWatchKit WatchKit Extension.appex */; settings = {ATTRIBUTES = (RemoveHeadersOnCopy, ); }; };
		8E6971FA1C766F7E00994824 /* InterfaceController.swift in Sources */ = {isa = PBXBuildFile; fileRef = 8E6971F91C766F7E00994824 /* InterfaceController.swift */; };
		8E6971FC1C766F7E00994824 /* ExtensionDelegate.swift in Sources */ = {isa = PBXBuildFile; fileRef = 8E6971FB1C766F7E00994824 /* ExtensionDelegate.swift */; };
		8E6971FE1C766F7E00994824 /* NotificationController.swift in Sources */ = {isa = PBXBuildFile; fileRef = 8E6971FD1C766F7E00994824 /* NotificationController.swift */; };
		8E6972001C766F7E00994824 /* GlanceController.swift in Sources */ = {isa = PBXBuildFile; fileRef = 8E6971FF1C766F7E00994824 /* GlanceController.swift */; };
		8E6972021C766F7E00994824 /* Assets.xcassets in Resources */ = {isa = PBXBuildFile; fileRef = 8E6972011C766F7E00994824 /* Assets.xcassets */; };
		8E6972161C76782B00994824 /* masaControllerInterfaceController.swift in Sources */ = {isa = PBXBuildFile; fileRef = 8E6972151C76782B00994824 /* masaControllerInterfaceController.swift */; };
		8E6972181C767A0700994824 /* Pizza.swift in Sources */ = {isa = PBXBuildFile; fileRef = 8E6972171C767A0700994824 /* Pizza.swift */; };
		8ECEB4DF1C767F2600F6496E /* QuesoController.swift in Sources */ = {isa = PBXBuildFile; fileRef = 8ECEB4DE1C767F2600F6496E /* QuesoController.swift */; };
		8ECEB4E11C767F3600F6496E /* IngredientesController.swift in Sources */ = {isa = PBXBuildFile; fileRef = 8ECEB4E01C767F3600F6496E /* IngredientesController.swift */; };
		8ECEB4E31C767F5400F6496E /* ConfirmacionController.swift in Sources */ = {isa = PBXBuildFile; fileRef = 8ECEB4E21C767F5400F6496E /* ConfirmacionController.swift */; };
/* End PBXBuildFile section */

/* Begin PBXContainerItemProxy section */
		8E6971E51C766F7E00994824 /* PBXContainerItemProxy */ = {
			isa = PBXContainerItemProxy;
			containerPortal = 8E6971C91C766F7E00994824 /* Project object */;
			proxyType = 1;
			remoteGlobalIDString = 8E6971E21C766F7E00994824;
			remoteInfo = "PizzapWatchKit WatchKit App";
		};
		8E6971F41C766F7E00994824 /* PBXContainerItemProxy */ = {
			isa = PBXContainerItemProxy;
			containerPortal = 8E6971C91C766F7E00994824 /* Project object */;
			proxyType = 1;
			remoteGlobalIDString = 8E6971F11C766F7E00994824;
			remoteInfo = "PizzapWatchKit WatchKit Extension";
		};
/* End PBXContainerItemProxy section */

/* Begin PBXCopyFilesBuildPhase section */
		8E6972091C766F7E00994824 /* Embed App Extensions */ = {
			isa = PBXCopyFilesBuildPhase;
			buildActionMask = 2147483647;
			dstPath = "";
			dstSubfolderSpec = 13;
			files = (
				8E6971F31C766F7E00994824 /* PizzapWatchKit WatchKit Extension.appex in Embed App Extensions */,
			);
			name = "Embed App Extensions";
			runOnlyForDeploymentPostprocessing = 0;
		};
		8E69720D1C766F7E00994824 /* Embed Watch Content */ = {
			isa = PBXCopyFilesBuildPhase;
			buildActionMask = 2147483647;
			dstPath = "$(CONTENTS_FOLDER_PATH)/Watch";
			dstSubfolderSpec = 16;
			files = (
				8E6971E41C766F7E00994824 /* PizzapWatchKit WatchKit App.app in Embed Watch Content */,
			);
			name = "Embed Watch Content";
			runOnlyForDeploymentPostprocessing = 0;
		};
/* End PBXCopyFilesBuildPhase section */

/* Begin PBXFileReference section */
		8E6971D11C766F7E00994824 /* PizzapWatchKit.app */ = {isa = PBXFileReference; explicitFileType = wrapper.application; includeInIndex = 0; path = PizzapWatchKit.app; sourceTree = BUILT_PRODUCTS_DIR; };
		8E6971D41C766F7E00994824 /* AppDelegate.swift */ = {isa = PBXFileReference; lastKnownFileType = sourcecode.swift; path = AppDelegate.swift; sourceTree = "<group>"; };
		8E6971D61C766F7E00994824 /* ViewController.swift */ = {isa = PBXFileReference; lastKnownFileType = sourcecode.swift; path = ViewController.swift; sourceTree = "<group>"; };
		8E6971D91C766F7E00994824 /* Base */ = {isa = PBXFileReference; lastKnownFileType = file.storyboard; name = Base; path = Base.lproj/Main.storyboard; sourceTree = "<group>"; };
		8E6971DB1C766F7E00994824 /* Assets.xcassets */ = {isa = PBXFileReference; lastKnownFileType = folder.assetcatalog; path = Assets.xcassets; sourceTree = "<group>"; };
		8E6971DE1C766F7E00994824 /* Base */ = {isa = PBXFileReference; lastKnownFileType = file.storyboard; name = Base; path = Base.lproj/LaunchScreen.storyboard; sourceTree = "<group>"; };
		8E6971E01C766F7E00994824 /* Info.plist */ = {isa = PBXFileReference; lastKnownFileType = text.plist.xml; path = Info.plist; sourceTree = "<group>"; };
		8E6971E31C766F7E00994824 /* PizzapWatchKit WatchKit App.app */ = {isa = PBXFileReference; explicitFileType = wrapper.application; includeInIndex = 0; path = "PizzapWatchKit WatchKit App.app"; sourceTree = BUILT_PRODUCTS_DIR; };
		8E6971E91C766F7E00994824 /* Base */ = {isa = PBXFileReference; lastKnownFileType = file.storyboard; name = Base; path = Base.lproj/Interface.storyboard; sourceTree = "<group>"; };
		8E6971EB1C766F7E00994824 /* Assets.xcassets */ = {isa = PBXFileReference; lastKnownFileType = folder.assetcatalog; path = Assets.xcassets; sourceTree = "<group>"; };
		8E6971ED1C766F7E00994824 /* Info.plist */ = {isa = PBXFileReference; lastKnownFileType = text.plist.xml; path = Info.plist; sourceTree = "<group>"; };
		8E6971F21C766F7E00994824 /* PizzapWatchKit WatchKit Extension.appex */ = {isa = PBXFileReference; explicitFileType = "wrapper.app-extension"; includeInIndex = 0; path = "PizzapWatchKit WatchKit Extension.appex"; sourceTree = BUILT_PRODUCTS_DIR; };
		8E6971F81C766F7E00994824 /* PushNotificationPayload.apns */ = {isa = PBXFileReference; lastKnownFileType = text; path = PushNotificationPayload.apns; sourceTree = "<group>"; };
		8E6971F91C766F7E00994824 /* InterfaceController.swift */ = {isa = PBXFileReference; lastKnownFileType = sourcecode.swift; path = InterfaceController.swift; sourceTree = "<group>"; };
		8E6971FB1C766F7E00994824 /* ExtensionDelegate.swift */ = {isa = PBXFileReference; lastKnownFileType = sourcecode.swift; path = ExtensionDelegate.swift; sourceTree = "<group>"; };
		8E6971FD1C766F7E00994824 /* NotificationController.swift */ = {isa = PBXFileReference; lastKnownFileType = sourcecode.swift; path = NotificationController.swift; sourceTree = "<group>"; };
		8E6971FF1C766F7E00994824 /* GlanceController.swift */ = {isa = PBXFileReference; lastKnownFileType = sourcecode.swift; path = GlanceController.swift; sourceTree = "<group>"; };
		8E6972011C766F7E00994824 /* Assets.xcassets */ = {isa = PBXFileReference; lastKnownFileType = folder.assetcatalog; path = Assets.xcassets; sourceTree = "<group>"; };
		8E6972031C766F7E00994824 /* Info.plist */ = {isa = PBXFileReference; lastKnownFileType = text.plist.xml; path = Info.plist; sourceTree = "<group>"; };
		8E6972151C76782B00994824 /* masaControllerInterfaceController.swift */ = {isa = PBXFileReference; fileEncoding = 4; lastKnownFileType = sourcecode.swift; path = masaControllerInterfaceController.swift; sourceTree = "<group>"; };
		8E6972171C767A0700994824 /* Pizza.swift */ = {isa = PBXFileReference; fileEncoding = 4; lastKnownFileType = sourcecode.swift; path = Pizza.swift; sourceTree = "<group>"; };
		8ECEB4DE1C767F2600F6496E /* QuesoController.swift */ = {isa = PBXFileReference; fileEncoding = 4; lastKnownFileType = sourcecode.swift; path = QuesoController.swift; sourceTree = "<group>"; };
		8ECEB4E01C767F3600F6496E /* IngredientesController.swift */ = {isa = PBXFileReference; fileEncoding = 4; lastKnownFileType = sourcecode.swift; path = IngredientesController.swift; sourceTree = "<group>"; };
		8ECEB4E21C767F5400F6496E /* ConfirmacionController.swift */ = {isa = PBXFileReference; fileEncoding = 4; lastKnownFileType = sourcecode.swift; path = ConfirmacionController.swift; sourceTree = "<group>"; };
/* End PBXFileReference section */

/* Begin PBXFrameworksBuildPhase section */
		8E6971CE1C766F7E00994824 /* Frameworks */ = {
			isa = PBXFrameworksBuildPhase;
			buildActionMask = 2147483647;
			files = (
			);
			runOnlyForDeploymentPostprocessing = 0;
		};
		8E6971EF1C766F7E00994824 /* Frameworks */ = {
			isa = PBXFrameworksBuildPhase;
			buildActionMask = 2147483647;
			files = (
			);
			runOnlyForDeploymentPostprocessing = 0;
		};
/* End PBXFrameworksBuildPhase section */

/* Begin PBXGroup section */
		8E6971C81C766F7E00994824 = {
			isa = PBXGroup;
			children = (
				8E6972171C767A0700994824 /* Pizza.swift */,
				8E6971D31C766F7E00994824 /* PizzapWatchKit */,
				8E6971E71C766F7E00994824 /* PizzapWatchKit WatchKit App */,
				8E6971F61C766F7E00994824 /* PizzapWatchKit WatchKit Extension */,
				8E6971D21C766F7E00994824 /* Products */,
			);
			sourceTree = "<group>";
		};
		8E6971D21C766F7E00994824 /* Products */ = {
			isa = PBXGroup;
			children = (
				8E6971D11C766F7E00994824 /* PizzapWatchKit.app */,
				8E6971E31C766F7E00994824 /* PizzapWatchKit WatchKit App.app */,
				8E6971F21C766F7E00994824 /* PizzapWatchKit WatchKit Extension.appex */,
			);
			name = Products;
			sourceTree = "<group>";
		};
		8E6971D31C766F7E00994824 /* PizzapWatchKit */ = {
			isa = PBXGroup;
			children = (
				8E6971D41C766F7E00994824 /* AppDelegate.swift */,
				8E6971D61C766F7E00994824 /* ViewController.swift */,
				8E6971D81C766F7E00994824 /* Main.storyboard */,
				8E6971DB1C766F7E00994824 /* Assets.xcassets */,
				8E6971DD1C766F7E00994824 /* LaunchScreen.storyboard */,
				8E6971E01C766F7E00994824 /* Info.plist */,
			);
			path = PizzapWatchKit;
			sourceTree = "<group>";
		};
		8E6971E71C766F7E00994824 /* PizzapWatchKit WatchKit App */ = {
			isa = PBXGroup;
			children = (
				8E6971E81C766F7E00994824 /* Interface.storyboard */,
				8E6971EB1C766F7E00994824 /* Assets.xcassets */,
				8E6971ED1C766F7E00994824 /* Info.plist */,
			);
			path = "PizzapWatchKit WatchKit App";
			sourceTree = "<group>";
		};
		8E6971F61C766F7E00994824 /* PizzapWatchKit WatchKit Extension */ = {
			isa = PBXGroup;
			children = (
				8E6972141C76770400994824 /* Controllers */,
				8E6971FB1C766F7E00994824 /* ExtensionDelegate.swift */,
				8E6971FD1C766F7E00994824 /* NotificationController.swift */,
				8E6971FF1C766F7E00994824 /* GlanceController.swift */,
				8E6972011C766F7E00994824 /* Assets.xcassets */,
				8E6972031C766F7E00994824 /* Info.plist */,
				8E6971F71C766F7E00994824 /* Supporting Files */,
			);
			path = "PizzapWatchKit WatchKit Extension";
			sourceTree = "<group>";
		};
		8E6971F71C766F7E00994824 /* Supporting Files */ = {
			isa = PBXGroup;
			children = (
				8E6971F81C766F7E00994824 /* PushNotificationPayload.apns */,
			);
			name = "Supporting Files";
			sourceTree = "<group>";
		};
		8E6972141C76770400994824 /* Controllers */ = {
			isa = PBXGroup;
			children = (
				8E6971F91C766F7E00994824 /* InterfaceController.swift */,
				8E6972151C76782B00994824 /* masaControllerInterfaceController.swift */,
				8ECEB4DE1C767F2600F6496E /* QuesoController.swift */,
				8ECEB4E01C767F3600F6496E /* IngredientesController.swift */,
				8ECEB4E21C767F5400F6496E /* ConfirmacionController.swift */,
			);
			name = Controllers;
			sourceTree = "<group>";
		};
/* End PBXGroup section */

/* Begin PBXNativeTarget section */
		8E6971D01C766F7E00994824 /* PizzapWatchKit */ = {
			isa = PBXNativeTarget;
			buildConfigurationList = 8E69720E1C766F7E00994824 /* Build configuration list for PBXNativeTarget "PizzapWatchKit" */;
			buildPhases = (
				8E6971CD1C766F7E00994824 /* Sources */,
				8E6971CE1C766F7E00994824 /* Frameworks */,
				8E6971CF1C766F7E00994824 /* Resources */,
				8E69720D1C766F7E00994824 /* Embed Watch Content */,
			);
			buildRules = (
			);
			dependencies = (
				8E6971E61C766F7E00994824 /* PBXTargetDependency */,
			);
			name = PizzapWatchKit;
			productName = PizzapWatchKit;
			productReference = 8E6971D11C766F7E00994824 /* PizzapWatchKit.app */;
			productType = "com.apple.product-type.application";
		};
		8E6971E21C766F7E00994824 /* PizzapWatchKit WatchKit App */ = {
			isa = PBXNativeTarget;
			buildConfigurationList = 8E69720A1C766F7E00994824 /* Build configuration list for PBXNativeTarget "PizzapWatchKit WatchKit App" */;
			buildPhases = (
				8E6971E11C766F7E00994824 /* Resources */,
				8E6972091C766F7E00994824 /* Embed App Extensions */,
			);
			buildRules = (
			);
			dependencies = (
				8E6971F51C766F7E00994824 /* PBXTargetDependency */,
			);
			name = "PizzapWatchKit WatchKit App";
			productName = "PizzapWatchKit WatchKit App";
			productReference = 8E6971E31C766F7E00994824 /* PizzapWatchKit WatchKit App.app */;
			productType = "com.apple.product-type.application.watchapp2";
		};
		8E6971F11C766F7E00994824 /* PizzapWatchKit WatchKit Extension */ = {
			isa = PBXNativeTarget;
			buildConfigurationList = 8E6972061C766F7E00994824 /* Build configuration list for PBXNativeTarget "PizzapWatchKit WatchKit Extension" */;
			buildPhases = (
				8E6971EE1C766F7E00994824 /* Sources */,
				8E6971EF1C766F7E00994824 /* Frameworks */,
				8E6971F01C766F7E00994824 /* Resources */,
			);
			buildRules = (
			);
			dependencies = (
			);
			name = "PizzapWatchKit WatchKit Extension";
			productName = "PizzapWatchKit WatchKit Extension";
			productReference = 8E6971F21C766F7E00994824 /* PizzapWatchKit WatchKit Extension.appex */;
			productType = "com.apple.product-type.watchkit2-extension";
		};
/* End PBXNativeTarget section */

/* Begin PBXProject section */
		8E6971C91C766F7E00994824 /* Project object */ = {
			isa = PBXProject;
			attributes = {
				LastSwiftUpdateCheck = 0720;
				LastUpgradeCheck = 0720;
				ORGANIZATIONNAME = "Antonio Rodríguez";
				TargetAttributes = {
					8E6971D01C766F7E00994824 = {
						CreatedOnToolsVersion = 7.2.1;
						DevelopmentTeam = YB8KASLF2H;
					};
					8E6971E21C766F7E00994824 = {
						CreatedOnToolsVersion = 7.2.1;
						DevelopmentTeam = YB8KASLF2H;
					};
					8E6971F11C766F7E00994824 = {
						CreatedOnToolsVersion = 7.2.1;
						DevelopmentTeam = YB8KASLF2H;
					};
				};
			};
			buildConfigurationList = 8E6971CC1C766F7E00994824 /* Build configuration list for PBXProject "PizzapWatchKit" */;
			compatibilityVersion = "Xcode 3.2";
			developmentRegion = English;
			hasScannedForEncodings = 0;
			knownRegions = (
				en,
				Base,
			);
			mainGroup = 8E6971C81C766F7E00994824;
			productRefGroup = 8E6971D21C766F7E00994824 /* Products */;
			projectDirPath = "";
			projectRoot = "";
			targets = (
				8E6971D01C766F7E00994824 /* PizzapWatchKit */,
				8E6971E21C766F7E00994824 /* PizzapWatchKit WatchKit App */,
				8E6971F11C766F7E00994824 /* PizzapWatchKit WatchKit Extension */,
			);
		};
/* End PBXProject section */

/* Begin PBXResourcesBuildPhase section */
		8E6971CF1C766F7E00994824 /* Resources */ = {
			isa = PBXResourcesBuildPhase;
			buildActionMask = 2147483647;
			files = (
				8E6971DF1C766F7E00994824 /* LaunchScreen.storyboard in Resources */,
				8E6971DC1C766F7E00994824 /* Assets.xcassets in Resources */,
				8E6971DA1C766F7E00994824 /* Main.storyboard in Resources */,
			);
			runOnlyForDeploymentPostprocessing = 0;
		};
		8E6971E11C766F7E00994824 /* Resources */ = {
			isa = PBXResourcesBuildPhase;
			buildActionMask = 2147483647;
			files = (
				8E6971EC1C766F7E00994824 /* Assets.xcassets in Resources */,
				8E6971EA1C766F7E00994824 /* Interface.storyboard in Resources */,
			);
			runOnlyForDeploymentPostprocessing = 0;
		};
		8E6971F01C766F7E00994824 /* Resources */ = {
			isa = PBXResourcesBuildPhase;
			buildActionMask = 2147483647;
			files = (
				8E6972021C766F7E00994824 /* Assets.xcassets in Resources */,
			);
			runOnlyForDeploymentPostprocessing = 0;
		};
/* End PBXResourcesBuildPhase section */

/* Begin PBXSourcesBuildPhase section */
		8E6971CD1C766F7E00994824 /* Sources */ = {
			isa = PBXSourcesBuildPhase;
			buildActionMask = 2147483647;
			files = (
				8E6971D71C766F7E00994824 /* ViewController.swift in Sources */,
				8E6971D51C766F7E00994824 /* AppDelegate.swift in Sources */,
			);
			runOnlyForDeploymentPostprocessing = 0;
		};
		8E6971EE1C766F7E00994824 /* Sources */ = {
			isa = PBXSourcesBuildPhase;
			buildActionMask = 2147483647;
			files = (
				8E6971FE1C766F7E00994824 /* NotificationController.swift in Sources */,
				8E6971FC1C766F7E00994824 /* ExtensionDelegate.swift in Sources */,
				8ECEB4E31C767F5400F6496E /* ConfirmacionController.swift in Sources */,
				8E6972181C767A0700994824 /* Pizza.swift in Sources */,
				8E6972161C76782B00994824 /* masaControllerInterfaceController.swift in Sources */,
				8ECEB4E11C767F3600F6496E /* IngredientesController.swift in Sources */,
				8ECEB4DF1C767F2600F6496E /* QuesoController.swift in Sources */,
				8E6971FA1C766F7E00994824 /* InterfaceController.swift in Sources */,
				8E6972001C766F7E00994824 /* GlanceController.swift in Sources */,
			);
			runOnlyForDeploymentPostprocessing = 0;
		};
/* End PBXSourcesBuildPhase section */

/* Begin PBXTargetDependency section */
		8E6971E61C766F7E00994824 /* PBXTargetDependency */ = {
			isa = PBXTargetDependency;
			target = 8E6971E21C766F7E00994824 /* PizzapWatchKit WatchKit App */;
			targetProxy = 8E6971E51C766F7E00994824 /* PBXContainerItemProxy */;
		};
		8E6971F51C766F7E00994824 /* PBXTargetDependency */ = {
			isa = PBXTargetDependency;
			target = 8E6971F11C766F7E00994824 /* PizzapWatchKit WatchKit Extension */;
			targetProxy = 8E6971F41C766F7E00994824 /* PBXContainerItemProxy */;
		};
/* End PBXTargetDependency section */

/* Begin PBXVariantGroup section */
		8E6971D81C766F7E00994824 /* Main.storyboard */ = {
			isa = PBXVariantGroup;
			children = (
				8E6971D91C766F7E00994824 /* Base */,
			);
			name = Main.storyboard;
			sourceTree = "<group>";
		};
		8E6971DD1C766F7E00994824 /* LaunchScreen.storyboard */ = {
			isa = PBXVariantGroup;
			children = (
				8E6971DE1C766F7E00994824 /* Base */,
			);
			name = LaunchScreen.storyboard;
			sourceTree = "<group>";
		};
		8E6971E81C766F7E00994824 /* Interface.storyboard */ = {
			isa = PBXVariantGroup;
			children = (
				8E6971E91C766F7E00994824 /* Base */,
			);
			name = Interface.storyboard;
			sourceTree = "<group>";
		};
/* End PBXVariantGroup section */

/* Begin XCBuildConfiguration section */
		8E6972041C766F7E00994824 /* Debug */ = {
			isa = XCBuildConfiguration;
			buildSettings = {
				ALWAYS_SEARCH_USER_PATHS = NO;
				CLANG_CXX_LANGUAGE_STANDARD = "gnu++0x";
				CLANG_CXX_LIBRARY = "libc++";
				CLANG_ENABLE_MODULES = YES;
				CLANG_ENABLE_OBJC_ARC = YES;
				CLANG_WARN_BOOL_CONVERSION = YES;
				CLANG_WARN_CONSTANT_CONVERSION = YES;
				CLANG_WARN_DIRECT_OBJC_ISA_USAGE = YES_ERROR;
				CLANG_WARN_EMPTY_BODY = YES;
				CLANG_WARN_ENUM_CONVERSION = YES;
				CLANG_WARN_INT_CONVERSION = YES;
				CLANG_WARN_OBJC_ROOT_CLASS = YES_ERROR;
				CLANG_WARN_UNREACHABLE_CODE = YES;
				CLANG_WARN__DUPLICATE_METHOD_MATCH = YES;
				"CODE_SIGN_IDENTITY[sdk=iphoneos*]" = "iPhone Developer";
				COPY_PHASE_STRIP = NO;
				DEBUG_INFORMATION_FORMAT = dwarf;
				ENABLE_STRICT_OBJC_MSGSEND = YES;
				ENABLE_TESTABILITY = YES;
				GCC_C_LANGUAGE_STANDARD = gnu99;
				GCC_DYNAMIC_NO_PIC = NO;
				GCC_NO_COMMON_BLOCKS = YES;
				GCC_OPTIMIZATION_LEVEL = 0;
				GCC_PREPROCESSOR_DEFINITIONS = (
					"DEBUG=1",
					"$(inherited)",
				);
				GCC_WARN_64_TO_32_BIT_CONVERSION = YES;
				GCC_WARN_ABOUT_RETURN_TYPE = YES_ERROR;
				GCC_WARN_UNDECLARED_SELECTOR = YES;
				GCC_WARN_UNINITIALIZED_AUTOS = YES_AGGRESSIVE;
				GCC_WARN_UNUSED_FUNCTION = YES;
				GCC_WARN_UNUSED_VARIABLE = YES;
				IPHONEOS_DEPLOYMENT_TARGET = 9.2;
				MTL_ENABLE_DEBUG_INFO = YES;
				ONLY_ACTIVE_ARCH = YES;
				SDKROOT = iphoneos;
				SWIFT_OPTIMIZATION_LEVEL = "-Onone";
				TARGETED_DEVICE_FAMILY = "1,2";
			};
			name = Debug;
		};
		8E6972051C766F7E00994824 /* Release */ = {
			isa = XCBuildConfiguration;
			buildSettings = {
				ALWAYS_SEARCH_USER_PATHS = NO;
				CLANG_CXX_LANGUAGE_STANDARD = "gnu++0x";
				CLANG_CXX_LIBRARY = "libc++";
				CLANG_ENABLE_MODULES = YES;
				CLANG_ENABLE_OBJC_ARC = YES;
				CLANG_WARN_BOOL_CONVERSION = YES;
				CLANG_WARN_CONSTANT_CONVERSION = YES;
				CLANG_WARN_DIRECT_OBJC_ISA_USAGE = YES_ERROR;
				CLANG_WARN_EMPTY_BODY = YES;
				CLANG_WARN_ENUM_CONVERSION = YES;
				CLANG_WARN_INT_CONVERSION = YES;
				CLANG_WARN_OBJC_ROOT_CLASS = YES_ERROR;
				CLANG_WARN_UNREACHABLE_CODE = YES;
				CLANG_WARN__DUPLICATE_METHOD_MATCH = YES;
				"CODE_SIGN_IDENTITY[sdk=iphoneos*]" = "iPhone Developer";
				COPY_PHASE_STRIP = NO;
				DEBUG_INFORMATION_FORMAT = "dwarf-with-dsym";
				ENABLE_NS_ASSERTIONS = NO;
				ENABLE_STRICT_OBJC_MSGSEND = YES;
				GCC_C_LANGUAGE_STANDARD = gnu99;
				GCC_NO_COMMON_BLOCKS = YES;
				GCC_WARN_64_TO_32_BIT_CONVERSION = YES;
				GCC_WARN_ABOUT_RETURN_TYPE = YES_ERROR;
				GCC_WARN_UNDECLARED_SELECTOR = YES;
				GCC_WARN_UNINITIALIZED_AUTOS = YES_AGGRESSIVE;
				GCC_WARN_UNUSED_FUNCTION = YES;
				GCC_WARN_UNUSED_VARIABLE = YES;
				IPHONEOS_DEPLOYMENT_TARGET = 9.2;
				MTL_ENABLE_DEBUG_INFO = NO;
				SDKROOT = iphoneos;
				TARGETED_DEVICE_FAMILY = "1,2";
				VALIDATE_PRODUCT = YES;
			};
			name = Release;
		};
		8E6972071C766F7E00994824 /* Debug */ = {
			isa = XCBuildConfiguration;
			buildSettings = {
				INFOPLIST_FILE = "PizzapWatchKit WatchKit Extension/Info.plist";
				LD_RUNPATH_SEARCH_PATHS = "$(inherited) @executable_path/Frameworks @executable_path/../../Frameworks";
				PRODUCT_BUNDLE_IDENTIFIER = "Antonio-Rodriguez.PizzapWatchKit.watchkitapp.watchkitextension";
				PRODUCT_NAME = "${TARGET_NAME}";
				SDKROOT = watchos;
				SKIP_INSTALL = YES;
				TARGETED_DEVICE_FAMILY = 4;
				WATCHOS_DEPLOYMENT_TARGET = 2.1;
			};
			name = Debug;
		};
		8E6972081C766F7E00994824 /* Release */ = {
			isa = XCBuildConfiguration;
			buildSettings = {
				INFOPLIST_FILE = "PizzapWatchKit WatchKit Extension/Info.plist";
				LD_RUNPATH_SEARCH_PATHS = "$(inherited) @executable_path/Frameworks @executable_path/../../Frameworks";
				PRODUCT_BUNDLE_IDENTIFIER = "Antonio-Rodriguez.PizzapWatchKit.watchkitapp.watchkitextension";
				PRODUCT_NAME = "${TARGET_NAME}";
				SDKROOT = watchos;
				SKIP_INSTALL = YES;
				TARGETED_DEVICE_FAMILY = 4;
				WATCHOS_DEPLOYMENT_TARGET = 2.1;
			};
			name = Release;
		};
		8E69720B1C766F7E00994824 /* Debug */ = {
			isa = XCBuildConfiguration;
			buildSettings = {
				ASSETCATALOG_COMPILER_APPICON_NAME = AppIcon;
				EMBEDDED_CONTENT_CONTAINS_SWIFT = YES;
				IBSC_MODULE = PizzapWatchKit_WatchKit_Extension;
				INFOPLIST_FILE = "PizzapWatchKit WatchKit App/Info.plist";
				PRODUCT_BUNDLE_IDENTIFIER = "Antonio-Rodriguez.PizzapWatchKit.watchkitapp";
				PRODUCT_NAME = "$(TARGET_NAME)";
				SDKROOT = watchos;
				SKIP_INSTALL = YES;
				TARGETED_DEVICE_FAMILY = 4;
				WATCHOS_DEPLOYMENT_TARGET = 2.1;
			};
			name = Debug;
		};
		8E69720C1C766F7E00994824 /* Release */ = {
			isa = XCBuildConfiguration;
			buildSettings = {
				ASSETCATALOG_COMPILER_APPICON_NAME = AppIcon;
				EMBEDDED_CONTENT_CONTAINS_SWIFT = YES;
				IBSC_MODULE = PizzapWatchKit_WatchKit_Extension;
				INFOPLIST_FILE = "PizzapWatchKit WatchKit App/Info.plist";
				PRODUCT_BUNDLE_IDENTIFIER = "Antonio-Rodriguez.PizzapWatchKit.watchkitapp";
				PRODUCT_NAME = "$(TARGET_NAME)";
				SDKROOT = watchos;
				SKIP_INSTALL = YES;
				TARGETED_DEVICE_FAMILY = 4;
				WATCHOS_DEPLOYMENT_TARGET = 2.1;
			};
			name = Release;
		};
		8E69720F1C766F7E00994824 /* Debug */ = {
			isa = XCBuildConfiguration;
			buildSettings = {
				ASSETCATALOG_COMPILER_APPICON_NAME = AppIcon;
				INFOPLIST_FILE = PizzapWatchKit/Info.plist;
				LD_RUNPATH_SEARCH_PATHS = "$(inherited) @executable_path/Frameworks";
				PRODUCT_BUNDLE_IDENTIFIER = "Antonio-Rodriguez.PizzapWatchKit";
				PRODUCT_NAME = "$(TARGET_NAME)";
			};
			name = Debug;
		};
		8E6972101C766F7E00994824 /* Release */ = {
			isa = XCBuildConfiguration;
			buildSettings = {
				ASSETCATALOG_COMPILER_APPICON_NAME = AppIcon;
				INFOPLIST_FILE = PizzapWatchKit/Info.plist;
				LD_RUNPATH_SEARCH_PATHS = "$(inherited) @executable_path/Frameworks";
				PRODUCT_BUNDLE_IDENTIFIER = "Antonio-Rodriguez.PizzapWatchKit";
				PRODUCT_NAME = "$(TARGET_NAME)";
			};
			name = Release;
		};
/* End XCBuildConfiguration section */

/* Begin XCConfigurationList section */
		8E6971CC1C766F7E00994824 /* Build configuration list for PBXProject "PizzapWatchKit" */ = {
			isa = XCConfigurationList;
			buildConfigurations = (
				8E6972041C766F7E00994824 /* Debug */,
				8E6972051C766F7E00994824 /* Release */,
			);
			defaultConfigurationIsVisible = 0;
			defaultConfigurationName = Release;
		};
		8E6972061C766F7E00994824 /* Build configuration list for PBXNativeTarget "PizzapWatchKit WatchKit Extension" */ = {
			isa = XCConfigurationList;
			buildConfigurations = (
				8E6972071C766F7E00994824 /* Debug */,
				8E6972081C766F7E00994824 /* Release */,
			);
			defaultConfigurationIsVisible = 0;
			defaultConfigurationName = Release;
		};
		8E69720A1C766F7E00994824 /* Build configuration list for PBXNativeTarget "PizzapWatchKit WatchKit App" */ = {
			isa = XCConfigurationList;
			buildConfigurations = (
				8E69720B1C766F7E00994824 /* Debug */,
				8E69720C1C766F7E00994824 /* Release */,
			);
			defaultConfigurationIsVisible = 0;
			defaultConfigurationName = Release;
		};
		8E69720E1C766F7E00994824 /* Build configuration list for PBXNativeTarget "PizzapWatchKit" */ = {
			isa = XCConfigurationList;
			buildConfigurations = (
				8E69720F1C766F7E00994824 /* Debug */,
				8E6972101C766F7E00994824 /* Release */,
			);
			defaultConfigurationIsVisible = 0;
			defaultConfigurationName = Release;
		};
/* End XCConfigurationList section */
	};
	rootObject = 8E6971C91C766F7E00994824 /* Project object */;
}
